
Microsoft Visual Studio Solution File, Format Version 12.00
# Visual Studio Version 16
VisualStudioVersion = 16.0.29215.179
MinimumVisualStudioVersion = 10.0.40219.1
Project("{2150E333-8FDC-42A3-9474-1A3956D46DE8}") = "src", "src", "{B1D9E15B-6D8F-4B92-90A3-7DF2E6BD9E2E}"
EndProject
Project("{2150E333-8FDC-42A3-9474-1A3956D46DE8}") = "samples", "samples", "{8A1E21B2-2D4B-4B1F-AF8B-C1697BD151B4}"
	ProjectSection(SolutionItems) = preProject
		samples\Directory.Build.props = samples\Directory.Build.props
	EndProjectSection
EndProject
Project("{9A19103F-16F7-4668-BE54-9A1E7A4F7556}") = "HelloTriangle", "Samples\HelloTriangle\HelloTriangle.csproj", "{A443DD1F-AC0D-458E-9E7C-347ACB0A1CFF}"
EndProject
Project("{9A19103F-16F7-4668-BE54-9A1E7A4F7556}") = "GLDotNet.Samples", "Samples\GLDotNet.Samples\GLDotNet.Samples.csproj", "{5AFE6D5E-2EC3-4D72-A5B8-D52C371D1B42}"
EndProject
Project("{9A19103F-16F7-4668-BE54-9A1E7A4F7556}") = "GLDotNet", "src\GLDotNet\GLDotNet.csproj", "{021AA461-086C-4EE3-B54B-0FFB47FA5D3C}"
EndProject
Project("{9A19103F-16F7-4668-BE54-9A1E7A4F7556}") = "Generator", "src\Generator\Generator.csproj", "{0D60E9CC-AE4D-4BE5-B664-7ECBEFED2BAB}"
EndProject
Project("{2150E333-8FDC-42A3-9474-1A3956D46DE8}") = "ext", "ext", "{5F57E6E7-97F3-4B85-9D23-EE2321275644}"
EndProject
Project("{9A19103F-16F7-4668-BE54-9A1E7A4F7556}") = "HelloTextures", "samples\HelloTextures\HelloTextures.csproj", "{F8448AD6-80D1-4AED-AEC9-FA3642B7F9AE}"
EndProject
Project("{9A19103F-16F7-4668-BE54-9A1E7A4F7556}") = "Sprites", "samples\Sprites\Sprites.csproj", "{06654377-BA43-4418-88E6-17DC19C7479A}"
EndProject
Project("{2150E333-8FDC-42A3-9474-1A3956D46DE8}") = "GLDotNet", "GLDotNet", "{65D6A4CA-D864-433D-9109-5325B9B46CB2}"
	ProjectSection(SolutionItems) = preProject
		.gitignore = .gitignore
		azure-pipelines.yml = azure-pipelines.yml
		Directory.Build.props = Directory.Build.props
		License.txt = License.txt
		Readme.md = Readme.md
	EndProjectSection
EndProject
Project("{9A19103F-16F7-4668-BE54-9A1E7A4F7556}") = "HelloWGL", "samples\HelloWGL\HelloWGL.csproj", "{C492FE6A-18C0-422B-9365-F0B94836A7E9}"
EndProject
Global
	GlobalSection(SolutionConfigurationPlatforms) = preSolution
		Debug|Any CPU = Debug|Any CPU
		Release|Any CPU = Release|Any CPU
	EndGlobalSection
	GlobalSection(ProjectConfigurationPlatforms) = postSolution
		{A443DD1F-AC0D-458E-9E7C-347ACB0A1CFF}.Debug|Any CPU.ActiveCfg = Debug|Any CPU
		{A443DD1F-AC0D-458E-9E7C-347ACB0A1CFF}.Debug|Any CPU.Build.0 = Debug|Any CPU
		{A443DD1F-AC0D-458E-9E7C-347ACB0A1CFF}.Release|Any CPU.ActiveCfg = Release|Any CPU
		{A443DD1F-AC0D-458E-9E7C-347ACB0A1CFF}.Release|Any CPU.Build.0 = Release|Any CPU
		{5AFE6D5E-2EC3-4D72-A5B8-D52C371D1B42}.Debug|Any CPU.ActiveCfg = Debug|Any CPU
		{5AFE6D5E-2EC3-4D72-A5B8-D52C371D1B42}.Debug|Any CPU.Build.0 = Debug|Any CPU
		{5AFE6D5E-2EC3-4D72-A5B8-D52C371D1B42}.Release|Any CPU.ActiveCfg = Release|Any CPU
		{5AFE6D5E-2EC3-4D72-A5B8-D52C371D1B42}.Release|Any CPU.Build.0 = Release|Any CPU
		{021AA461-086C-4EE3-B54B-0FFB47FA5D3C}.Debug|Any CPU.ActiveCfg = Debug|Any CPU
		{021AA461-086C-4EE3-B54B-0FFB47FA5D3C}.Debug|Any CPU.Build.0 = Debug|Any CPU
		{021AA461-086C-4EE3-B54B-0FFB47FA5D3C}.Release|Any CPU.ActiveCfg = Release|Any CPU
		{021AA461-086C-4EE3-B54B-0FFB47FA5D3C}.Release|Any CPU.Build.0 = Release|Any CPU
		{0D60E9CC-AE4D-4BE5-B664-7ECBEFED2BAB}.Debug|Any CPU.ActiveCfg = Debug|Any CPU
		{0D60E9CC-AE4D-4BE5-B664-7ECBEFED2BAB}.Debug|Any CPU.Build.0 = Debug|Any CPU
		{0D60E9CC-AE4D-4BE5-B664-7ECBEFED2BAB}.Release|Any CPU.ActiveCfg = Release|Any CPU
		{0D60E9CC-AE4D-4BE5-B664-7ECBEFED2BAB}.Release|Any CPU.Build.0 = Release|Any CPU
		{F8448AD6-80D1-4AED-AEC9-FA3642B7F9AE}.Debug|Any CPU.ActiveCfg = Debug|Any CPU
		{F8448AD6-80D1-4AED-AEC9-FA3642B7F9AE}.Debug|Any CPU.Build.0 = Debug|Any CPU
		{F8448AD6-80D1-4AED-AEC9-FA3642B7F9AE}.Release|Any CPU.ActiveCfg = Release|Any CPU
		{F8448AD6-80D1-4AED-AEC9-FA3642B7F9AE}.Release|Any CPU.Build.0 = Release|Any CPU
		{06654377-BA43-4418-88E6-17DC19C7479A}.Debug|Any CPU.ActiveCfg = Debug|Any CPU
		{06654377-BA43-4418-88E6-17DC19C7479A}.Debug|Any CPU.Build.0 = Debug|Any CPU
		{06654377-BA43-4418-88E6-17DC19C7479A}.Release|Any CPU.ActiveCfg = Release|Any CPU
		{06654377-BA43-4418-88E6-17DC19C7479A}.Release|Any CPU.Build.0 = Release|Any CPU
		{C492FE6A-18C0-422B-9365-F0B94836A7E9}.Debug|Any CPU.ActiveCfg = Debug|Any CPU
		{C492FE6A-18C0-422B-9365-F0B94836A7E9}.Debug|Any CPU.Build.0 = Debug|Any CPU
		{C492FE6A-18C0-422B-9365-F0B94836A7E9}.Release|Any CPU.ActiveCfg = Release|Any CPU
		{C492FE6A-18C0-422B-9365-F0B94836A7E9}.Release|Any CPU.Build.0 = Release|Any CPU
	EndGlobalSection
	GlobalSection(SolutionProperties) = preSolution
		HideSolutionNode = FALSE
	EndGlobalSection
	GlobalSection(NestedProjects) = preSolution
		{B1D9E15B-6D8F-4B92-90A3-7DF2E6BD9E2E} = {65D6A4CA-D864-433D-9109-5325B9B46CB2}
		{8A1E21B2-2D4B-4B1F-AF8B-C1697BD151B4} = {65D6A4CA-D864-433D-9109-5325B9B46CB2}
		{A443DD1F-AC0D-458E-9E7C-347ACB0A1CFF} = {8A1E21B2-2D4B-4B1F-AF8B-C1697BD151B4}
		{5AFE6D5E-2EC3-4D72-A5B8-D52C371D1B42} = {8A1E21B2-2D4B-4B1F-AF8B-C1697BD151B4}
		{021AA461-086C-4EE3-B54B-0FFB47FA5D3C} = {B1D9E15B-6D8F-4B92-90A3-7DF2E6BD9E2E}
		{0D60E9CC-AE4D-4BE5-B664-7ECBEFED2BAB} = {B1D9E15B-6D8F-4B92-90A3-7DF2E6BD9E2E}
		{5F57E6E7-97F3-4B85-9D23-EE2321275644} = {65D6A4CA-D864-433D-9109-5325B9B46CB2}
		{F8448AD6-80D1-4AED-AEC9-FA3642B7F9AE} = {8A1E21B2-2D4B-4B1F-AF8B-C1697BD151B4}
		{06654377-BA43-4418-88E6-17DC19C7479A} = {8A1E21B2-2D4B-4B1F-AF8B-C1697BD151B4}
		{C492FE6A-18C0-422B-9365-F0B94836A7E9} = {8A1E21B2-2D4B-4B1F-AF8B-C1697BD151B4}
	EndGlobalSection
	GlobalSection(ExtensibilityGlobals) = postSolution
		SolutionGuid = {439D4E12-5888-40F6-AB6D-AD61FABA3641}
	EndGlobalSection
EndGlobal
