
Microsoft Visual Studio Solution File, Format Version 12.00
# Visual Studio 15
VisualStudioVersion = 15.0.27004.2005
MinimumVisualStudioVersion = 10.0.40219.1
Project("{2150E333-8FDC-42A3-9474-1A3956D46DE8}") = "src", "src", "{B1D9E15B-6D8F-4B92-90A3-7DF2E6BD9E2E}"
EndProject
Project("{2150E333-8FDC-42A3-9474-1A3956D46DE8}") = "samples", "samples", "{8A1E21B2-2D4B-4B1F-AF8B-C1697BD151B4}"
EndProject
Project("{9A19103F-16F7-4668-BE54-9A1E7A4F7556}") = "HelloTriangle", "Samples\HelloTriangle\HelloTriangle.csproj", "{A443DD1F-AC0D-458E-9E7C-347ACB0A1CFF}"
EndProject
Project("{9A19103F-16F7-4668-BE54-9A1E7A4F7556}") = "GLDotNet.Samples", "Samples\GLDotNet.Samples\GLDotNet.Samples.csproj", "{5AFE6D5E-2EC3-4D72-A5B8-D52C371D1B42}"
EndProject
Project("{9A19103F-16F7-4668-BE54-9A1E7A4F7556}") = "GLDotNet", "src\GLDotNet\GLDotNet.csproj", "{021AA461-086C-4EE3-B54B-0FFB47FA5D3C}"
EndProject
Project("{9A19103F-16F7-4668-BE54-9A1E7A4F7556}") = "Generator", "src\Generator\Generator.csproj", "{0D60E9CC-AE4D-4BE5-B664-7ECBEFED2BAB}"
EndProject
Project("{2150E333-8FDC-42A3-9474-1A3956D46DE8}") = "ext", "ext", "{5F57E6E7-97F3-4B85-9D23-EE2321275644}"
EndProject
Project("{9A19103F-16F7-4668-BE54-9A1E7A4F7556}") = "ImageDotNet", "ext\ImageDotNet\src\ImageDotNet\ImageDotNet.csproj", "{3451D8F4-4166-4E75-8E25-3F4242B61821}"
EndProject
Project("{FAE04EC0-301F-11D3-BF4B-00C04F79EFBC}") = "HelloTextures", "samples\HelloTextures\HelloTextures.csproj", "{F8448AD6-80D1-4AED-AEC9-FA3642B7F9AE}"
EndProject
Global
	GlobalSection(SolutionConfigurationPlatforms) = preSolution
		Debug|Any CPU = Debug|Any CPU
		Release|Any CPU = Release|Any CPU
	EndGlobalSection
	GlobalSection(ProjectConfigurationPlatforms) = postSolution
		{A443DD1F-AC0D-458E-9E7C-347ACB0A1CFF}.Debug|Any CPU.ActiveCfg = Debug|Any CPU
		{A443DD1F-AC0D-458E-9E7C-347ACB0A1CFF}.Debug|Any CPU.Build.0 = Debug|Any CPU
		{A443DD1F-AC0D-458E-9E7C-347ACB0A1CFF}.Release|Any CPU.ActiveCfg = Release|Any CPU
		{A443DD1F-AC0D-458E-9E7C-347ACB0A1CFF}.Release|Any CPU.Build.0 = Release|Any CPU
		{5AFE6D5E-2EC3-4D72-A5B8-D52C371D1B42}.Debug|Any CPU.ActiveCfg = Debug|Any CPU
		{5AFE6D5E-2EC3-4D72-A5B8-D52C371D1B42}.Debug|Any CPU.Build.0 = Debug|Any CPU
		{5AFE6D5E-2EC3-4D72-A5B8-D52C371D1B42}.Release|Any CPU.ActiveCfg = Release|Any CPU
		{5AFE6D5E-2EC3-4D72-A5B8-D52C371D1B42}.Release|Any CPU.Build.0 = Release|Any CPU
		{021AA461-086C-4EE3-B54B-0FFB47FA5D3C}.Debug|Any CPU.ActiveCfg = Debug|Any CPU
		{021AA461-086C-4EE3-B54B-0FFB47FA5D3C}.Debug|Any CPU.Build.0 = Debug|Any CPU
		{021AA461-086C-4EE3-B54B-0FFB47FA5D3C}.Release|Any CPU.ActiveCfg = Release|Any CPU
		{021AA461-086C-4EE3-B54B-0FFB47FA5D3C}.Release|Any CPU.Build.0 = Release|Any CPU
		{0D60E9CC-AE4D-4BE5-B664-7ECBEFED2BAB}.Debug|Any CPU.ActiveCfg = Debug|Any CPU
		{0D60E9CC-AE4D-4BE5-B664-7ECBEFED2BAB}.Debug|Any CPU.Build.0 = Debug|Any CPU
		{0D60E9CC-AE4D-4BE5-B664-7ECBEFED2BAB}.Release|Any CPU.ActiveCfg = Release|Any CPU
		{0D60E9CC-AE4D-4BE5-B664-7ECBEFED2BAB}.Release|Any CPU.Build.0 = Release|Any CPU
		{3451D8F4-4166-4E75-8E25-3F4242B61821}.Debug|Any CPU.ActiveCfg = Debug|Any CPU
		{3451D8F4-4166-4E75-8E25-3F4242B61821}.Debug|Any CPU.Build.0 = Debug|Any CPU
		{3451D8F4-4166-4E75-8E25-3F4242B61821}.Release|Any CPU.ActiveCfg = Release|Any CPU
		{3451D8F4-4166-4E75-8E25-3F4242B61821}.Release|Any CPU.Build.0 = Release|Any CPU
		{F8448AD6-80D1-4AED-AEC9-FA3642B7F9AE}.Debug|Any CPU.ActiveCfg = Debug|Any CPU
		{F8448AD6-80D1-4AED-AEC9-FA3642B7F9AE}.Debug|Any CPU.Build.0 = Debug|Any CPU
		{F8448AD6-80D1-4AED-AEC9-FA3642B7F9AE}.Release|Any CPU.ActiveCfg = Release|Any CPU
		{F8448AD6-80D1-4AED-AEC9-FA3642B7F9AE}.Release|Any CPU.Build.0 = Release|Any CPU
	EndGlobalSection
	GlobalSection(SolutionProperties) = preSolution
		HideSolutionNode = FALSE
	EndGlobalSection
	GlobalSection(NestedProjects) = preSolution
		{A443DD1F-AC0D-458E-9E7C-347ACB0A1CFF} = {8A1E21B2-2D4B-4B1F-AF8B-C1697BD151B4}
		{5AFE6D5E-2EC3-4D72-A5B8-D52C371D1B42} = {8A1E21B2-2D4B-4B1F-AF8B-C1697BD151B4}
		{021AA461-086C-4EE3-B54B-0FFB47FA5D3C} = {B1D9E15B-6D8F-4B92-90A3-7DF2E6BD9E2E}
		{0D60E9CC-AE4D-4BE5-B664-7ECBEFED2BAB} = {B1D9E15B-6D8F-4B92-90A3-7DF2E6BD9E2E}
		{3451D8F4-4166-4E75-8E25-3F4242B61821} = {5F57E6E7-97F3-4B85-9D23-EE2321275644}
		{F8448AD6-80D1-4AED-AEC9-FA3642B7F9AE} = {8A1E21B2-2D4B-4B1F-AF8B-C1697BD151B4}
	EndGlobalSection
	GlobalSection(ExtensibilityGlobals) = postSolution
		SolutionGuid = {439D4E12-5888-40F6-AB6D-AD61FABA3641}
	EndGlobalSection
EndGlobal
