
Microsoft Visual Studio Solution File, Format Version 12.00
# Visual Studio 15
VisualStudioVersion = 15.0.27004.2005
MinimumVisualStudioVersion = 10.0.40219.1
Project("{2150E333-8FDC-42A3-9474-1A3956D46DE8}") = "Library", "Library", "{B1D9E15B-6D8F-4B92-90A3-7DF2E6BD9E2E}"
EndProject
Project("{2150E333-8FDC-42A3-9474-1A3956D46DE8}") = "Tools", "Tools", "{A2C59E64-E26D-4EDA-AE83-1DD742393921}"
EndProject
Project("{9A19103F-16F7-4668-BE54-9A1E7A4F7556}") = "Generator", "Tools\Generator\Generator.csproj", "{B7D7679B-01D3-4421-9D0D-9FC0AA4FC369}"
EndProject
Project("{2150E333-8FDC-42A3-9474-1A3956D46DE8}") = "Samples", "Samples", "{8A1E21B2-2D4B-4B1F-AF8B-C1697BD151B4}"
EndProject
Project("{FAE04EC0-301F-11D3-BF4B-00C04F79EFBC}") = "HelloTriangle", "Samples\HelloTriangle\HelloTriangle.csproj", "{A443DD1F-AC0D-458E-9E7C-347ACB0A1CFF}"
EndProject
Project("{9A19103F-16F7-4668-BE54-9A1E7A4F7556}") = "GLDotNet.Samples", "Samples\GLDotNet.Samples\GLDotNet.Samples.csproj", "{5AFE6D5E-2EC3-4D72-A5B8-D52C371D1B42}"
EndProject
Project("{FAE04EC0-301F-11D3-BF4B-00C04F79EFBC}") = "GLDotNet", "Library\GLDotNet\GLDotNet.csproj", "{FB751D58-58C3-47AD-AD3E-01A318C92BBE}"
EndProject
Global
	GlobalSection(SolutionConfigurationPlatforms) = preSolution
		Debug|Any CPU = Debug|Any CPU
		Release|Any CPU = Release|Any CPU
	EndGlobalSection
	GlobalSection(ProjectConfigurationPlatforms) = postSolution
		{B7D7679B-01D3-4421-9D0D-9FC0AA4FC369}.Debug|Any CPU.ActiveCfg = Debug|Any CPU
		{B7D7679B-01D3-4421-9D0D-9FC0AA4FC369}.Debug|Any CPU.Build.0 = Debug|Any CPU
		{B7D7679B-01D3-4421-9D0D-9FC0AA4FC369}.Release|Any CPU.ActiveCfg = Release|Any CPU
		{A443DD1F-AC0D-458E-9E7C-347ACB0A1CFF}.Debug|Any CPU.ActiveCfg = Debug|Any CPU
		{A443DD1F-AC0D-458E-9E7C-347ACB0A1CFF}.Debug|Any CPU.Build.0 = Debug|Any CPU
		{A443DD1F-AC0D-458E-9E7C-347ACB0A1CFF}.Release|Any CPU.ActiveCfg = Release|Any CPU
		{A443DD1F-AC0D-458E-9E7C-347ACB0A1CFF}.Release|Any CPU.Build.0 = Release|Any CPU
		{5AFE6D5E-2EC3-4D72-A5B8-D52C371D1B42}.Debug|Any CPU.ActiveCfg = Debug|Any CPU
		{5AFE6D5E-2EC3-4D72-A5B8-D52C371D1B42}.Debug|Any CPU.Build.0 = Debug|Any CPU
		{5AFE6D5E-2EC3-4D72-A5B8-D52C371D1B42}.Release|Any CPU.ActiveCfg = Release|Any CPU
		{5AFE6D5E-2EC3-4D72-A5B8-D52C371D1B42}.Release|Any CPU.Build.0 = Release|Any CPU
		{FB751D58-58C3-47AD-AD3E-01A318C92BBE}.Debug|Any CPU.ActiveCfg = Debug|Any CPU
		{FB751D58-58C3-47AD-AD3E-01A318C92BBE}.Debug|Any CPU.Build.0 = Debug|Any CPU
		{FB751D58-58C3-47AD-AD3E-01A318C92BBE}.Release|Any CPU.ActiveCfg = Release|Any CPU
		{FB751D58-58C3-47AD-AD3E-01A318C92BBE}.Release|Any CPU.Build.0 = Release|Any CPU
	EndGlobalSection
	GlobalSection(SolutionProperties) = preSolution
		HideSolutionNode = FALSE
	EndGlobalSection
	GlobalSection(NestedProjects) = preSolution
		{B7D7679B-01D3-4421-9D0D-9FC0AA4FC369} = {A2C59E64-E26D-4EDA-AE83-1DD742393921}
		{A443DD1F-AC0D-458E-9E7C-347ACB0A1CFF} = {8A1E21B2-2D4B-4B1F-AF8B-C1697BD151B4}
		{5AFE6D5E-2EC3-4D72-A5B8-D52C371D1B42} = {8A1E21B2-2D4B-4B1F-AF8B-C1697BD151B4}
		{FB751D58-58C3-47AD-AD3E-01A318C92BBE} = {B1D9E15B-6D8F-4B92-90A3-7DF2E6BD9E2E}
	EndGlobalSection
	GlobalSection(ExtensibilityGlobals) = postSolution
		SolutionGuid = {439D4E12-5888-40F6-AB6D-AD61FABA3641}
	EndGlobalSection
EndGlobal
